# THIS IS AN AUTOGENERATED FILE. DO NOT EDIT THIS FILE DIRECTLY.
# yarn lockfile v1


"@uirouter/core@5.0.3":
  version "5.0.3"
  resolved "https://registry.yarnpkg.com/@uirouter/core/-/core-5.0.3.tgz#e2b5b1e45190e20c67ba4e15c013de5d4e0ccab3"

abbrev@1:
  version "1.1.1"
  resolved "https://registry.yarnpkg.com/abbrev/-/abbrev-1.1.1.tgz#f8f2c887ad10bf67f634f005b6987fed3179aac8"

ambi@^2.2.0:
  version "2.5.0"
  resolved "https://registry.yarnpkg.com/ambi/-/ambi-2.5.0.tgz#7c8e372be48891157e7cea01cb6f9143d1f74220"
  dependencies:
    editions "^1.1.1"
    typechecker "^4.3.0"

angular-animate@^1.6.9:
  version "1.6.9"
  resolved "https://registry.yarnpkg.com/angular-animate/-/angular-animate-1.6.9.tgz#a0f926c1ba3190bd8929ef966a7fa79760682622"

angular-aside@^1.3.2:
  version "1.4.0"
  resolved "https://registry.yarnpkg.com/angular-aside/-/angular-aside-1.4.0.tgz#e57d42bb43c48d7ff388627c18d3adb16d762b2c"

angular-base64-upload@~0.0.8:
  version "0.0.9"
  resolved "https://registry.yarnpkg.com/angular-base64-upload/-/angular-base64-upload-0.0.9.tgz#d8ed8bac5e8c104e7311e353f9800345bed9da96"

angular-bootstrap-switch@~0.4.0:
  version "0.4.1"
  resolved "https://registry.yarnpkg.com/angular-bootstrap-switch/-/angular-bootstrap-switch-0.4.1.tgz#357f9a608eb0eb4be8a5ccd7f1087165a2a36a4e"

angular-cookies@1.3.20:
  version "1.3.20"
  resolved "https://registry.yarnpkg.com/angular-cookies/-/angular-cookies-1.3.20.tgz#590ed18501815a7898aa734e411d409ef390348b"

angular-google-analytics@~1.1.7:
  version "1.1.8"
  resolved "https://registry.yarnpkg.com/angular-google-analytics/-/angular-google-analytics-1.1.8.tgz#e497926c0f77cd6eec0c0cbdf0b20e58938cf8a0"

angular-growl-v2@~0.7.9:
  version "0.7.5"
  resolved "https://registry.yarnpkg.com/angular-growl-v2/-/angular-growl-v2-0.7.5.tgz#57876d511622801948c02e3a95dd96337af6470d"

angular-i18n@=1.3.15:
  version "1.3.15"
  resolved "https://registry.yarnpkg.com/angular-i18n/-/angular-i18n-1.3.15.tgz#8c497a7926b08a2fdf39f3ed61a65b4172f45332"

angular-loading-bar@>=0.4.3:
  version "0.9.0"
  resolved "https://registry.yarnpkg.com/angular-loading-bar/-/angular-loading-bar-0.9.0.tgz#37ef52c25f102c216e7b3cdfd2fc5a5df9628e45"

angular-medium-editor@~0.1.0:
  version "1.2.1"
  resolved "https://registry.yarnpkg.com/angular-medium-editor/-/angular-medium-editor-1.2.1.tgz#3f336d0fffb26f0948e49b6cf50682f8b90d68fa"

angular-minicolors@~0.0.5:
  version "0.0.11"
  resolved "https://registry.yarnpkg.com/angular-minicolors/-/angular-minicolors-0.0.11.tgz#274ef99658738302d9dace72f55a933b6815118f"

angular-moment@>=0.10.3:
  version "1.2.0"
  resolved "https://registry.yarnpkg.com/angular-moment/-/angular-moment-1.2.0.tgz#a09e4902bc8d48ce06832af8c74169841b613bae"
  dependencies:
    moment ">=2.8.0 <3.0.0"

angular-resource@1.3.20:
  version "1.3.20"
  resolved "https://registry.yarnpkg.com/angular-resource/-/angular-resource-1.3.20.tgz#5415731074439efff5abad0dd9d4c51b63d951b8"

angular-sanitize@1.3.20:
  version "1.3.20"
  resolved "https://registry.yarnpkg.com/angular-sanitize/-/angular-sanitize-1.3.20.tgz#5b1caa4176b8db2039d7d1c1527537a61be3cd67"

angular-scroll@~0.6.5:
  version "0.6.5"
  resolved "https://registry.yarnpkg.com/angular-scroll/-/angular-scroll-0.6.5.tgz#2c5bbd9e4f72315b0f73146f857fd559252f941d"

angular-summernote@~0.7.1:
  version "0.7.1"
  resolved "https://registry.yarnpkg.com/angular-summernote/-/angular-summernote-0.7.1.tgz#c4bfa83020c4e32f96955b9974c43e5eaeea342e"

angular-touch@1.3.20:
  version "1.3.20"
  resolved "https://registry.yarnpkg.com/angular-touch/-/angular-touch-1.3.20.tgz#3363d28fe9091fab2669d524a0b9a9d247d814a4"

angular-translate-interpolation-messageformat@~2.8.1:
  version "2.8.1"
  resolved "https://registry.yarnpkg.com/angular-translate-interpolation-messageformat/-/angular-translate-interpolation-messageformat-2.8.1.tgz#1b7df5a4e5c5d1c15822b59fbfad48cea440ecd0"
  dependencies:
    angular-translate "~2.8.1"
    messageformat "~0.1.6"

angular-translate-loader-partial@~2.8.1:
  version "2.8.1"
  resolved "https://registry.yarnpkg.com/angular-translate-loader-partial/-/angular-translate-loader-partial-2.8.1.tgz#5c2cc754fdd8ae36bcdc0c9fbee117b38d734694"
  dependencies:
    angular-translate "~2.8.1"

angular-translate@~2.8.1:
  version "2.8.1"
  resolved "https://registry.yarnpkg.com/angular-translate/-/angular-translate-2.8.1.tgz#ba997c3557bc850c101a946b5938307c96971234"

angular-ui-bootstrap@0.14.3:
  version "0.14.3"
  resolved "https://registry.yarnpkg.com/angular-ui-bootstrap/-/angular-ui-bootstrap-0.14.3.tgz#d96ce604c84bbd706ba34aabca1d5a7376e18ba6"

angular-ui-calendar@1.0.1:
  version "1.0.2"
  resolved "https://registry.yarnpkg.com/angular-ui-calendar/-/angular-ui-calendar-1.0.2.tgz#fa271057425572efaadf6660243cc33cb99f33c1"

angular-ui-router@>=0.2.15:
  version "1.0.3"
  resolved "https://registry.yarnpkg.com/angular-ui-router/-/angular-ui-router-1.0.3.tgz#bf2494caae95c37cf01af3761d89747cfed2db45"
  dependencies:
    "@uirouter/core" "5.0.3"

angular-ui-select@~0.13.2:
  version "0.12.100"
  resolved "https://registry.yarnpkg.com/angular-ui-select/-/angular-ui-select-0.12.100.tgz#83cb869ecaf7a3dd40463bca18eafe0d84e1b9ca"

angular-unsavedchanges@~0.2.0:
  version "0.2.5"
  resolved "https://registry.yarnpkg.com/angular-unsavedchanges/-/angular-unsavedchanges-0.2.5.tgz#34be961d547051f2c6d536c60a5b42f565c8858b"

angular-xeditable@>=0.1.8:
  version "0.8.1"
  resolved "https://registry.yarnpkg.com/angular-xeditable/-/angular-xeditable-0.8.1.tgz#e9118a8aee915948c41b068d2c54bd1ac02c3b12"
  dependencies:
    angular "~1.x"

angular@1.3.20, angular@>=1.0.8, angular@>=1.1, angular@~1.x:
  version "1.3.20"
  resolved "https://registry.yarnpkg.com/angular/-/angular-1.3.20.tgz#b23a3d7c5e7f99f7d95b9b4d49b9ac355269baee"

ansi-regex@^0.2.0, ansi-regex@^0.2.1:
  version "0.2.1"
  resolved "https://registry.yarnpkg.com/ansi-regex/-/ansi-regex-0.2.1.tgz#0d8e946967a3d8143f93e24e298525fc1b2235f9"

ansi-styles@^1.1.0:
  version "1.1.0"
  resolved "https://registry.yarnpkg.com/ansi-styles/-/ansi-styles-1.1.0.tgz#eaecbf66cd706882760b2f4691582b8f55d7a7de"

async@~0.2.10:
  version "0.2.10"
  resolved "https://registry.yarnpkg.com/async/-/async-0.2.10.tgz#b6bbe0b0674b9d719708ca38de8c237cb526c3d1"

bluebird@~2.8.2:
  version "2.8.2"
  resolved "https://registry.yarnpkg.com/bluebird/-/bluebird-2.8.2.tgz#7866d4bd84da832488487d57d37fd2c77d8aac04"

bootstrap@3.3.4:
  version "3.3.4"
  resolved "https://registry.yarnpkg.com/bootstrap/-/bootstrap-3.3.4.tgz#02378b4a6b6ce7a55e3add1edae41ad79f74646a"

chalk@~0.5.1:
  version "0.5.1"
  resolved "https://registry.yarnpkg.com/chalk/-/chalk-0.5.1.tgz#663b3a648b68b55d04690d49167aa837858f2174"
  dependencies:
    ansi-styles "^1.1.0"
    escape-string-regexp "^1.0.0"
    has-ansi "^0.1.0"
    strip-ansi "^0.3.0"
    supports-color "^0.2.0"

checklist-model@>=0.1.3:
  version "0.11.0"
  resolved "https://registry.yarnpkg.com/checklist-model/-/checklist-model-0.11.0.tgz#5f57b34a21b59ffd7a0c351efb9fe9d7fa92d3e0"
  dependencies:
    angular ">=1.0.8"

coffee-script@^1.12.5:
  version "1.12.7"
  resolved "https://registry.yarnpkg.com/coffee-script/-/coffee-script-1.12.7.tgz#c05dae0cb79591d05b3070a8433a98c9a89ccc53"

coffee-script@~1.7.0:
  version "1.7.1"
  resolved "https://registry.yarnpkg.com/coffee-script/-/coffee-script-1.7.1.tgz#62996a861780c75e6d5069d13822723b73404bfc"
  dependencies:
    mkdirp "~0.3.5"

commander@^2.9.0:
  version "2.13.0"
  resolved "https://registry.yarnpkg.com/commander/-/commander-2.13.0.tgz#6964bca67685df7c1f1430c584f07d7597885b9c"

csextends@^1.0.3:
  version "1.1.1"
  resolved "https://registry.yarnpkg.com/csextends/-/csextends-1.1.1.tgz#cc53c1349faf7f0ae6cdf6f6c4a4d9156d3c4ec1"
  dependencies:
    coffee-script "^1.12.5"

devise@~1.0.2:
  version "1.0.9"
  resolved "https://registry.yarnpkg.com/devise/-/devise-1.0.9.tgz#18efb2d1f53c618ed16aed37975742acece8723e"
  dependencies:
    commander "^2.9.0"

eachr@^2.0.2:
  version "2.0.4"
  resolved "https://registry.yarnpkg.com/eachr/-/eachr-2.0.4.tgz#466f7caa10708f610509e32c807aafe57fc122bf"
  dependencies:
    typechecker "^2.0.8"

editions@^1.1.1, editions@^1.3.3:
  version "1.3.4"
  resolved "https://registry.yarnpkg.com/editions/-/editions-1.3.4.tgz#3662cb592347c3168eb8e498a0ff73271d67f50b"

elasticsearch@~3.1.1:
  version "3.1.4"
  resolved "https://registry.yarnpkg.com/elasticsearch/-/elasticsearch-3.1.4.tgz#051d577c16d7683446f8662e5a42071ac749ff15"
  dependencies:
    bluebird "~2.8.2"
    chalk "~0.5.1"
    forever-agent "~0.5.2"
    lodash "^3.0.0"
    lodash-node "~2.4"

escape-string-regexp@^1.0.0:
  version "1.0.5"
  resolved "https://registry.yarnpkg.com/escape-string-regexp/-/escape-string-regexp-1.0.5.tgz#1b61c0562190a8dff6ae3bb2cf0200ca130b86d4"

extendr@^2.1.0:
  version "2.1.0"
  resolved "https://registry.yarnpkg.com/extendr/-/extendr-2.1.0.tgz#301aa0bbea565f4d2dc8f570f2a22611a8527b56"
  dependencies:
    typechecker "~2.0.1"

extract-opts@^2.2.0:
  version "2.2.0"
  resolved "https://registry.yarnpkg.com/extract-opts/-/extract-opts-2.2.0.tgz#1fa28eba7352c6db480f885ceb71a46810be6d7d"
  dependencies:
    typechecker "~2.0.1"

font-awesome@^4.7.0:
  version "4.7.0"
  resolved "https://registry.yarnpkg.com/font-awesome/-/font-awesome-4.7.0.tgz#8fa8cf0411a1a31afd07b06d2902bb9fc815a133"

forever-agent@~0.5.2:
  version "0.5.2"
  resolved "https://registry.yarnpkg.com/forever-agent/-/forever-agent-0.5.2.tgz#6d0e09c4921f94a27f63d3b49c5feff1ea4c5130"

fullcalendar@=2.3.1:
  version "2.3.1"
  resolved "https://registry.yarnpkg.com/fullcalendar/-/fullcalendar-2.3.1.tgz#c0ac58eb9dfa733bf1757e3b7cdabb4436a219bf"
  dependencies:
    jquery ">=1.7.1"
    moment ">=2.5.0"

glob@~3.2.8:
  version "3.2.11"
  resolved "https://registry.yarnpkg.com/glob/-/glob-3.2.11.tgz#4a973f635b9190f715d10987d5c00fd2815ebe3d"
  dependencies:
    inherits "2"
    minimatch "0.3"

graceful-fs@*:
  version "4.1.11"
  resolved "https://registry.yarnpkg.com/graceful-fs/-/graceful-fs-4.1.11.tgz#0e8bdfe4d1ddb8854d64e04ea7c00e2a026e5658"

has-ansi@^0.1.0:
  version "0.1.0"
  resolved "https://registry.yarnpkg.com/has-ansi/-/has-ansi-0.1.0.tgz#84f265aae8c0e6a88a12d7022894b7568894c62e"
  dependencies:
    ansi-regex "^0.2.0"

holderjs@~2.6.0:
  version "2.6.0"
  resolved "https://registry.yarnpkg.com/holderjs/-/holderjs-2.6.0.tgz#e2ab6e02d4177684c0fe1414ecea013bc4b1505e"

ignorefs@^1.0.0:
  version "1.2.0"
  resolved "https://registry.yarnpkg.com/ignorefs/-/ignorefs-1.2.0.tgz#da59fb858976e4a5e43702ccd1f282fdbc9e5756"
  dependencies:
    editions "^1.3.3"
    ignorepatterns "^1.1.0"

ignorepatterns@^1.1.0:
  version "1.1.0"
  resolved "https://registry.yarnpkg.com/ignorepatterns/-/ignorepatterns-1.1.0.tgz#ac8f436f2239b5dfb66d5f0d3a904a87ac67cc5e"

inherits@2:
  version "2.0.3"
  resolved "https://registry.yarnpkg.com/inherits/-/inherits-2.0.3.tgz#633c2c83e3da42a502f52466022480f4208261de"

jasny-bootstrap@>=3.1.3:
  version "3.1.3"
  resolved "https://registry.yarnpkg.com/jasny-bootstrap/-/jasny-bootstrap-3.1.3.tgz#b072a681d50c649762c9543c7a6093d9baa2f87b"

jquery-ui@^1.12.1:
  version "1.12.1"
  resolved "https://registry.yarnpkg.com/jquery-ui/-/jquery-ui-1.12.1.tgz#bcb4045c8dd0539c134bc1488cdd3e768a7a9e51"

jquery@>=1.10.2, jquery@>=1.7.1:
  version "3.3.1"
  resolved "https://registry.yarnpkg.com/jquery/-/jquery-3.3.1.tgz#958ce29e81c9790f31be7792df5d4d95fc57fbca"

lodash-node@~2.4:
  version "2.4.1"
  resolved "https://registry.yarnpkg.com/lodash-node/-/lodash-node-2.4.1.tgz#ea82f7b100c733d1a42af76801e506105e2a80ec"

lodash@^3.0.0:
  version "3.10.1"
  resolved "https://registry.yarnpkg.com/lodash/-/lodash-3.10.1.tgz#5bf45e8e49ba4189e17d482789dfd15bd140b7b6"

lru-cache@2:
  version "2.7.3"
  resolved "https://registry.yarnpkg.com/lru-cache/-/lru-cache-2.7.3.tgz#6d4524e8b955f95d4f5b58851ce21dd72fb4e952"

messageformat@=0.1.8, messageformat@~0.1.6:
  version "0.1.8"
  resolved "https://registry.yarnpkg.com/messageformat/-/messageformat-0.1.8.tgz#d3c9e9481d008ccc28f63a13fbdac526385a0828"
  dependencies:
    async "~0.2.10"
    coffee-script "~1.7.0"
    glob "~3.2.8"
    nopt "~2.1.2"
    underscore "~1.5.2"
    watchr "~2.4.9"

minimatch@0.3:
  version "0.3.0"
  resolved "https://registry.yarnpkg.com/minimatch/-/minimatch-0.3.0.tgz#275d8edaac4f1bb3326472089e7949c8394699dd"
  dependencies:
    lru-cache "2"
    sigmund "~1.0.0"

mkdirp@~0.3.5:
  version "0.3.5"
  resolved "https://registry.yarnpkg.com/mkdirp/-/mkdirp-0.3.5.tgz#de3e5f8961c88c787ee1368df849ac4413eca8d7"

moment-timezone@~0.5.0:
  version "0.5.14"
  resolved "https://registry.yarnpkg.com/moment-timezone/-/moment-timezone-0.5.14.tgz#4eb38ff9538b80108ba467a458f3ed4268ccfcb1"
  dependencies:
    moment ">= 2.9.0"

"moment@>= 2.9.0", moment@>=2.5.0, "moment@>=2.8.0 <3.0.0":
  version "2.20.1"
  resolved "https://registry.yarnpkg.com/moment/-/moment-2.20.1.tgz#d6eb1a46cbcc14a2b2f9434112c1ff8907f313fd"

moment@~2.11.2:
  version "2.11.2"
  resolved "https://registry.yarnpkg.com/moment/-/moment-2.11.2.tgz#87968e5f95ac038c2e42ac959c75819cd3f52901"

ng-caps-lock@^1.0.2:
  version "1.0.0"
  resolved "https://registry.yarnpkg.com/ng-caps-lock/-/ng-caps-lock-1.0.0.tgz#69f6a6d429e57101a96e5a22e7bb573c1e4f01ea"
  dependencies:
    angular ">=1.1"

ng-fittext@~4.1.1:
  version "4.1.1"
  resolved "https://registry.yarnpkg.com/ng-fittext/-/ng-fittext-4.1.1.tgz#ed5b74363216c94281c36a6f9c5b588b7239f801"

ngUpload@>=0.5.11:
  version "0.5.21"
  resolved "https://registry.yarnpkg.com/ngUpload/-/ngUpload-0.5.21.tgz#86285977db61f03e4080951e4712fa3b1921978c"

nopt@~2.1.2:
  version "2.1.2"
  resolved "https://registry.yarnpkg.com/nopt/-/nopt-2.1.2.tgz#6cccd977b80132a07731d6e8ce58c2c8303cf9af"
  dependencies:
    abbrev "1"

nvd3@~1.8.1:
  version "1.8.6"
  resolved "https://registry.yarnpkg.com/nvd3/-/nvd3-1.8.6.tgz#2d3eba74bf33363b5101ebf1d093c59a53ae73c4"

safefs@^3.1.2:
  version "3.2.2"
  resolved "https://registry.yarnpkg.com/safefs/-/safefs-3.2.2.tgz#8170c1444d7038e08caea05a374fae2fa349e15c"
  dependencies:
    graceful-fs "*"

scandirectory@^2.5.0:
  version "2.5.0"
  resolved "https://registry.yarnpkg.com/scandirectory/-/scandirectory-2.5.0.tgz#6ce03f54a090b668e3cbedbf20edf9e310593e72"
  dependencies:
    ignorefs "^1.0.0"
    safefs "^3.1.2"
    taskgroup "^4.0.5"

sigmund@~1.0.0:
  version "1.0.1"
  resolved "https://registry.yarnpkg.com/sigmund/-/sigmund-1.0.1.tgz#3ff21f198cad2175f9f3b781853fd94d0d19b590"

strip-ansi@^0.3.0:
  version "0.3.0"
  resolved "https://registry.yarnpkg.com/strip-ansi/-/strip-ansi-0.3.0.tgz#25f48ea22ca79187f3174a4db8759347bb126220"
  dependencies:
    ansi-regex "^0.2.1"

summernote@=0.7.3:
  version "0.7.3"
  resolved "https://registry.yarnpkg.com/summernote/-/summernote-0.7.3.tgz#8456bdc632fce1c9c049139d65ef0726e8cab7b4"

supports-color@^0.2.0:
  version "0.2.0"
  resolved "https://registry.yarnpkg.com/supports-color/-/supports-color-0.2.0.tgz#d92de2694eb3f67323973d7ae3d8b55b4c22190a"

taskgroup@^4.0.5, taskgroup@^4.2.0:
  version "4.3.1"
  resolved "https://registry.yarnpkg.com/taskgroup/-/taskgroup-4.3.1.tgz#7de193febd768273c457730497024d512c27915a"
  dependencies:
    ambi "^2.2.0"
    csextends "^1.0.3"

typechecker@^2.0.8:
  version "2.1.0"
  resolved "https://registry.yarnpkg.com/typechecker/-/typechecker-2.1.0.tgz#d1c2093a54ff8a19f58cff877eeaa54f2242d383"

typechecker@^4.3.0:
  version "4.4.1"
  resolved "https://registry.yarnpkg.com/typechecker/-/typechecker-4.4.1.tgz#f97b95f51b038417212d677d45a373ee7bced7e6"
  dependencies:
    editions "^1.3.3"

typechecker@~2.0.1:
  version "2.0.8"
  resolved "https://registry.yarnpkg.com/typechecker/-/typechecker-2.0.8.tgz#e83da84bb64c584ccb345838576c40b0337db82e"

underscore@~1.5.2:
  version "1.5.2"
  resolved "https://registry.yarnpkg.com/underscore/-/underscore-1.5.2.tgz#1335c5e4f5e6d33bbb4b006ba8c86a00f556de08"

underscore@~1.7.0:
  version "1.7.0"
  resolved "https://registry.yarnpkg.com/underscore/-/underscore-1.7.0.tgz#6bbaf0877500d36be34ecaa584e0db9fef035209"

watchr@~2.4.9:
  version "2.4.13"
  resolved "https://registry.yarnpkg.com/watchr/-/watchr-2.4.13.tgz#d74847bb4d6f90f61fe2c74f9f68662aa0e07601"
  dependencies:
    eachr "^2.0.2"
    extendr "^2.1.0"
    extract-opts "^2.2.0"
    ignorefs "^1.0.0"
    safefs "^3.1.2"
    scandirectory "^2.5.0"
    taskgroup "^4.2.0"
    typechecker "^2.0.8"
